PODS:
  - Capacitor (5.7.0):
    - CapacitorCordova
  - CapacitorApp (5.0.7):
    - Capacitor
  - CapacitorCordova (5.7.0)
  - CapacitorDevice (5.0.7):
    - Capacitor
  - CapacitorHaptics (5.0.7):
    - Capacitor
  - CapacitorKeyboard (5.0.8):
    - Capacitor
  - CapacitorSplashScreen (5.0.7):
    - Capacitor
  - CapacitorStatusBar (5.0.7):
    - Capacitor

DEPENDENCIES:
  - "Capacitor (from `../../node_modules/@capacitor/ios`)"
  - "CapacitorApp (from `../../node_modules/@capacitor/app`)"
  - "CapacitorCordova (from `../../node_modules/@capacitor/ios`)"
  - "CapacitorDevice (from `../../node_modules/@capacitor/device`)"
  - "CapacitorHaptics (from `../../node_modules/@capacitor/haptics`)"
  - "CapacitorKeyboard (from `../../node_modules/@capacitor/keyboard`)"
  - "CapacitorSplashScreen (from `../../node_modules/@capacitor/splash-screen`)"
  - "CapacitorStatusBar (from `../../node_modules/@capacitor/status-bar`)"

EXTERNAL SOURCES:
  Capacitor:
    :path: "../../node_modules/@capacitor/ios"
  CapacitorApp:
    :path: "../../node_modules/@capacitor/app"
  CapacitorCordova:
    :path: "../../node_modules/@capacitor/ios"
  CapacitorDevice:
    :path: "../../node_modules/@capacitor/device"
  CapacitorHaptics:
    :path: "../../node_modules/@capacitor/haptics"
  CapacitorKeyboard:
    :path: "../../node_modules/@capacitor/keyboard"
  CapacitorSplashScreen:
    :path: "../../node_modules/@capacitor/splash-screen"
  CapacitorStatusBar:
    :path: "../../node_modules/@capacitor/status-bar"

SPEC CHECKSUMS:
  Capacitor: 04ccd5c7ad3949b25baf174a5c61594f1c031ee9
  CapacitorApp: b23ce4279972fa24721b9ad7aefdf05e36c29db7
  CapacitorCordova: e825fce1a2e14e4b5730641c7e098dccf74397b7
  CapacitorDevice: b8d2ddde4e7f3711f64eb58a69a776e7fc3e53b8
  CapacitorHaptics: 85a1ecd1d3026089642518d789f0fb81fe93cf80
  CapacitorKeyboard: d878396bca6a0fefb313b1546c169648b5ae812a
  CapacitorSplashScreen: 4ff6258039d0ea77b289edb9503a50ba02d58189
  CapacitorStatusBar: 37ca5200a1791340c519239521ec2519d384eacb

PODFILE CHECKSUM: afd364d621991563316a4a3ffde2fc2b67c16543

COCOAPODS: 1.16.2
